
Microsoft Visual Studio Solution File, Format Version 12.00
# Visual Studio Version 17
VisualStudioVersion = 17.3.32825.248
MinimumVisualStudioVersion = 10.0.40219.1
Project("{9A19103F-16F7-4668-BE54-9A1E7A4F7556}") = "Heathstone", "Heathstone\Heathstone.csproj", "{DEDD8E12-9164-4C22-B89B-6C1BAEB4C7CE}"
EndProject
Global
	GlobalSection(SolutionConfigurationPlatforms) = preSolution
		Debug|Any CPU = Debug|Any CPU
		Release|Any CPU = Release|Any CPU
	EndGlobalSection
	GlobalSection(ProjectConfigurationPlatforms) = postSolution
		{DEDD8E12-9164-4C22-B89B-6C1BAEB4C7CE}.Debug|Any CPU.ActiveCfg = Debug|Any CPU
		{DEDD8E12-9164-4C22-B89B-6C1BAEB4C7CE}.Debug|Any CPU.Build.0 = Debug|Any CPU
		{DEDD8E12-9164-4C22-B89B-6C1BAEB4C7CE}.Release|Any CPU.ActiveCfg = Release|Any CPU
		{DEDD8E12-9164-4C22-B89B-6C1BAEB4C7CE}.Release|Any CPU.Build.0 = Release|Any CPU
	EndGlobalSection
	GlobalSection(SolutionProperties) = preSolution
		HideSolutionNode = FALSE
	EndGlobalSection
	GlobalSection(ExtensibilityGlobals) = postSolution
		SolutionGuid = {9D482749-2338-4A5C-BF21-C20FAFD48B57}
	EndGlobalSection
EndGlobal
